
Microsoft Visual Studio Solution File, Format Version 12.00
# Visual Studio 15
VisualStudioVersion = 15.0.27428.2027
MinimumVisualStudioVersion = 10.0.40219.1
Project("{FAE04EC0-301F-11D3-BF4B-00C04F79EFBC}") = "GeneticRoute", "GeneticRoute\GeneticRoute.csproj", "{E69058CD-A5B0-4A0E-AFE4-BCB323EA4E50}"
EndProject
Project("{FAE04EC0-301F-11D3-BF4B-00C04F79EFBC}") = "GeneticRouteTests", "GeneticRouteTests\GeneticRouteTests.csproj", "{AD7C8E67-9F25-49A2-AF32-5F60A41D7B69}"
EndProject
Global
	GlobalSection(SolutionConfigurationPlatforms) = preSolution
		Debug|Any CPU = Debug|Any CPU
		Release|Any CPU = Release|Any CPU
	EndGlobalSection
	GlobalSection(ProjectConfigurationPlatforms) = postSolution
		{E69058CD-A5B0-4A0E-AFE4-BCB323EA4E50}.Debug|Any CPU.ActiveCfg = Debug|Any CPU
		{E69058CD-A5B0-4A0E-AFE4-BCB323EA4E50}.Debug|Any CPU.Build.0 = Debug|Any CPU
		{E69058CD-A5B0-4A0E-AFE4-BCB323EA4E50}.Release|Any CPU.ActiveCfg = Release|Any CPU
		{E69058CD-A5B0-4A0E-AFE4-BCB323EA4E50}.Release|Any CPU.Build.0 = Release|Any CPU
		{AD7C8E67-9F25-49A2-AF32-5F60A41D7B69}.Debug|Any CPU.ActiveCfg = Debug|Any CPU
		{AD7C8E67-9F25-49A2-AF32-5F60A41D7B69}.Debug|Any CPU.Build.0 = Debug|Any CPU
		{AD7C8E67-9F25-49A2-AF32-5F60A41D7B69}.Release|Any CPU.ActiveCfg = Release|Any CPU
		{AD7C8E67-9F25-49A2-AF32-5F60A41D7B69}.Release|Any CPU.Build.0 = Release|Any CPU
	EndGlobalSection
	GlobalSection(SolutionProperties) = preSolution
		HideSolutionNode = FALSE
	EndGlobalSection
	GlobalSection(ExtensibilityGlobals) = postSolution
		SolutionGuid = {DACE3188-2D6B-4E70-A285-8805D48EB28E}
	EndGlobalSection
EndGlobal
